{
  "name": "full-stack-qaytarish-",
  "lockfileVersion": 3,
  "requires": true,
  "packages": {
    "": {
      "name": "full-stack-qaytarish-",
      "workspaces": [
        "apps/*"
      ]
    },
    "apps/api": {},
    "apps/ui": {},
    "node_modules/api": {
      "resolved": "apps/api",
      "link": true
    },
    "node_modules/ui": {
      "resolved": "apps/ui",
      "link": true
    }
  }
}
